Microsoft Visual Studio Solution File, Format Version 12.00
# Visual Studio Version 17
VisualStudioVersion = 17.5.2.0
MinimumVisualStudioVersion = 10.0.40219.1
Project("{FAE04EC0-301F-11D3-BF4B-00C04F79EFBC}") = "Alomancia", "Alomancia.csproj", "{EEB311A5-6499-D2CD-E519-578E2248433C}"
EndProject
Global
	GlobalSection(SolutionConfigurationPlatforms) = preSolution
		Debug|Any CPU = Debug|Any CPU
		Release|Any CPU = Release|Any CPU
	EndGlobalSection
	GlobalSection(ProjectConfigurationPlatforms) = postSolution
		{EEB311A5-6499-D2CD-E519-578E2248433C}.Debug|Any CPU.ActiveCfg = Debug|Any CPU
		{EEB311A5-6499-D2CD-E519-578E2248433C}.Debug|Any CPU.Build.0 = Debug|Any CPU
		{EEB311A5-6499-D2CD-E519-578E2248433C}.Release|Any CPU.ActiveCfg = Release|Any CPU
		{EEB311A5-6499-D2CD-E519-578E2248433C}.Release|Any CPU.Build.0 = Release|Any CPU
	EndGlobalSection
	GlobalSection(SolutionProperties) = preSolution
		HideSolutionNode = FALSE
	EndGlobalSection
	GlobalSection(ExtensibilityGlobals) = postSolution
		SolutionGuid = {A779CFCD-B835-4C69-9020-7661621B7CE0}
	EndGlobalSection
EndGlobal
