
Microsoft Visual Studio Solution File, Format Version 12.00
# Visual Studio Version 17
VisualStudioVersion = 17.5.002.0
MinimumVisualStudioVersion = 10.0.40219.1
Project("{9A19103F-16F7-4668-BE54-9A1E7A4F7556}") = "Expresiones", "Expresiones.csproj", "{8B0DF5CE-6444-476E-9EA2-B1C51E6FEC01}"
EndProject
Global
	GlobalSection(SolutionConfigurationPlatforms) = preSolution
		Debug|Any CPU = Debug|Any CPU
		Release|Any CPU = Release|Any CPU
	EndGlobalSection
	GlobalSection(ProjectConfigurationPlatforms) = postSolution
		{8B0DF5CE-6444-476E-9EA2-B1C51E6FEC01}.Debug|Any CPU.ActiveCfg = Debug|Any CPU
		{8B0DF5CE-6444-476E-9EA2-B1C51E6FEC01}.Debug|Any CPU.Build.0 = Debug|Any CPU
		{8B0DF5CE-6444-476E-9EA2-B1C51E6FEC01}.Release|Any CPU.ActiveCfg = Release|Any CPU
		{8B0DF5CE-6444-476E-9EA2-B1C51E6FEC01}.Release|Any CPU.Build.0 = Release|Any CPU
	EndGlobalSection
	GlobalSection(SolutionProperties) = preSolution
		HideSolutionNode = FALSE
	EndGlobalSection
	GlobalSection(ExtensibilityGlobals) = postSolution
		SolutionGuid = {16C460C8-7C8C-4EE6-BA33-20160337B615}
	EndGlobalSection
EndGlobal
