
Microsoft Visual Studio Solution File, Format Version 12.00
# Visual Studio Version 17
VisualStudioVersion = 17.5.002.0
MinimumVisualStudioVersion = 10.0.40219.1
Project("{9A19103F-16F7-4668-BE54-9A1E7A4F7556}") = "Apareando Patrones", "Apareando Patrones.csproj", "{9287E465-006B-421B-83B6-98646D4D866C}"
EndProject
Global
	GlobalSection(SolutionConfigurationPlatforms) = preSolution
		Debug|Any CPU = Debug|Any CPU
		Release|Any CPU = Release|Any CPU
	EndGlobalSection
	GlobalSection(ProjectConfigurationPlatforms) = postSolution
		{9287E465-006B-421B-83B6-98646D4D866C}.Debug|Any CPU.ActiveCfg = Debug|Any CPU
		{9287E465-006B-421B-83B6-98646D4D866C}.Debug|Any CPU.Build.0 = Debug|Any CPU
		{9287E465-006B-421B-83B6-98646D4D866C}.Release|Any CPU.ActiveCfg = Release|Any CPU
		{9287E465-006B-421B-83B6-98646D4D866C}.Release|Any CPU.Build.0 = Release|Any CPU
	EndGlobalSection
	GlobalSection(SolutionProperties) = preSolution
		HideSolutionNode = FALSE
	EndGlobalSection
	GlobalSection(ExtensibilityGlobals) = postSolution
		SolutionGuid = {BA101C99-6069-4A0A-B485-99E8A540CB21}
	EndGlobalSection
EndGlobal
