
Microsoft Visual Studio Solution File, Format Version 12.00
# Visual Studio Version 17
VisualStudioVersion = 17.5.002.0
MinimumVisualStudioVersion = 10.0.40219.1
Project("{9A19103F-16F7-4668-BE54-9A1E7A4F7556}") = "Comiendo Torres Saltarinas", "Comiendo Torres Saltarinas.csproj", "{76964C26-F3A3-4FBD-B577-4DEAA8765106}"
EndProject
Global
	GlobalSection(SolutionConfigurationPlatforms) = preSolution
		Debug|Any CPU = Debug|Any CPU
		Release|Any CPU = Release|Any CPU
	EndGlobalSection
	GlobalSection(ProjectConfigurationPlatforms) = postSolution
		{76964C26-F3A3-4FBD-B577-4DEAA8765106}.Debug|Any CPU.ActiveCfg = Debug|Any CPU
		{76964C26-F3A3-4FBD-B577-4DEAA8765106}.Debug|Any CPU.Build.0 = Debug|Any CPU
		{76964C26-F3A3-4FBD-B577-4DEAA8765106}.Release|Any CPU.ActiveCfg = Release|Any CPU
		{76964C26-F3A3-4FBD-B577-4DEAA8765106}.Release|Any CPU.Build.0 = Release|Any CPU
	EndGlobalSection
	GlobalSection(SolutionProperties) = preSolution
		HideSolutionNode = FALSE
	EndGlobalSection
	GlobalSection(ExtensibilityGlobals) = postSolution
		SolutionGuid = {0AF82FED-148A-4682-A900-3609ADB3D881}
	EndGlobalSection
EndGlobal
