
Microsoft Visual Studio Solution File, Format Version 12.00
# Visual Studio Version 17
VisualStudioVersion = 17.5.002.0
MinimumVisualStudioVersion = 10.0.40219.1
Project("{9A19103F-16F7-4668-BE54-9A1E7A4F7556}") = "Teclado Telefonico", "Teclado Telefonico.csproj", "{FFED7CC7-30AE-4BCC-8A54-AAD918A4157A}"
EndProject
Global
	GlobalSection(SolutionConfigurationPlatforms) = preSolution
		Debug|Any CPU = Debug|Any CPU
		Release|Any CPU = Release|Any CPU
	EndGlobalSection
	GlobalSection(ProjectConfigurationPlatforms) = postSolution
		{FFED7CC7-30AE-4BCC-8A54-AAD918A4157A}.Debug|Any CPU.ActiveCfg = Debug|Any CPU
		{FFED7CC7-30AE-4BCC-8A54-AAD918A4157A}.Debug|Any CPU.Build.0 = Debug|Any CPU
		{FFED7CC7-30AE-4BCC-8A54-AAD918A4157A}.Release|Any CPU.ActiveCfg = Release|Any CPU
		{FFED7CC7-30AE-4BCC-8A54-AAD918A4157A}.Release|Any CPU.Build.0 = Release|Any CPU
	EndGlobalSection
	GlobalSection(SolutionProperties) = preSolution
		HideSolutionNode = FALSE
	EndGlobalSection
	GlobalSection(ExtensibilityGlobals) = postSolution
		SolutionGuid = {32866023-2F96-4CF9-984C-BEF74B881780}
	EndGlobalSection
EndGlobal
